
Microsoft Visual Studio Solution File, Format Version 12.00
# Visual Studio Version 16
VisualStudioVersion = 16.0.29503.13
MinimumVisualStudioVersion = 10.0.40219.1
Project("{FAE04EC0-301F-11D3-BF4B-00C04F79EFBC}") = "ProducerConsumer", "ProducerConsumer\ProducerConsumer.csproj", "{53CFB534-CBB1-44FC-AEFD-ACF6B44ED5CF}"
EndProject
Global
	GlobalSection(SolutionConfigurationPlatforms) = preSolution
		Debug|Any CPU = Debug|Any CPU
		Release|Any CPU = Release|Any CPU
	EndGlobalSection
	GlobalSection(ProjectConfigurationPlatforms) = postSolution
		{53CFB534-CBB1-44FC-AEFD-ACF6B44ED5CF}.Debug|Any CPU.ActiveCfg = Debug|Any CPU
		{53CFB534-CBB1-44FC-AEFD-ACF6B44ED5CF}.Debug|Any CPU.Build.0 = Debug|Any CPU
		{53CFB534-CBB1-44FC-AEFD-ACF6B44ED5CF}.Release|Any CPU.ActiveCfg = Release|Any CPU
		{53CFB534-CBB1-44FC-AEFD-ACF6B44ED5CF}.Release|Any CPU.Build.0 = Release|Any CPU
	EndGlobalSection
	GlobalSection(SolutionProperties) = preSolution
		HideSolutionNode = FALSE
	EndGlobalSection
	GlobalSection(ExtensibilityGlobals) = postSolution
		SolutionGuid = {92166F7F-E979-470B-AF5D-9F7221D0988C}
	EndGlobalSection
EndGlobal
